{
  "version": "2",
  "remote": {
    "https://deno.land/std@0.184.0/_util/asserts.ts": "178dfc49a464aee693a7e285567b3d0b555dc805ff490505a8aae34f9cfb1462",
    "https://deno.land/std@0.184.0/_util/os.ts": "d932f56d41e4f6a6093d56044e29ce637f8dcc43c5a90af43504a889cf1775e3",
    "https://deno.land/std@0.184.0/collections/filter_values.ts": "5b9feaf17b9a6e5ffccdd36cf6f38fa4ffa94cff2602d381c2ad0c2a97929652",
    "https://deno.land/std@0.184.0/collections/without_all.ts": "a89f5da0b5830defed4f59666e188df411d8fece35a5f6ca69be6ca71a95c185",
    "https://deno.land/std@0.184.0/dotenv/mod.ts": "e4c3cdbe11f05340e1217a4ebe2e6f2eef49e11c8d7d2595bb977923a396e18b",
    "https://deno.land/std@0.184.0/fmt/colors.ts": "d67e3cd9f472535241a8e410d33423980bec45047e343577554d3356e1f0ef4e",
    "https://deno.land/std@0.184.0/fs/_util.ts": "579038bebc3bd35c43a6a7766f7d91fbacdf44bc03468e9d3134297bb99ed4f9",
    "https://deno.land/std@0.184.0/fs/copy.ts": "14214efd94fc3aa6db1e4af2b4b9578e50f7362b7f3725d5a14ad259a5df26c8",
    "https://deno.land/std@0.184.0/fs/empty_dir.ts": "c3d2da4c7352fab1cf144a1ecfef58090769e8af633678e0f3fabaef98594688",
    "https://deno.land/std@0.184.0/fs/ensure_dir.ts": "dc64c4c75c64721d4e3fb681f1382f803ff3d2868f08563ff923fdd20d071c40",
    "https://deno.land/std@0.184.0/fs/ensure_file.ts": "c38602670bfaf259d86ca824a94e6cb9e5eb73757fefa4ebf43a90dd017d53d9",
    "https://deno.land/std@0.184.0/fs/ensure_link.ts": "c0f5b2f0ec094ed52b9128eccb1ee23362a617457aa0f699b145d4883f5b2fb4",
    "https://deno.land/std@0.184.0/fs/ensure_symlink.ts": "5006ab2f458159c56d689b53b1e48d57e05eeb1eaf64e677f7f76a30bc4fdba1",
    "https://deno.land/std@0.184.0/fs/eol.ts": "f1f2eb348a750c34500741987b21d65607f352cf7205f48f4319d417fff42842",
    "https://deno.land/std@0.184.0/fs/exists.ts": "29c26bca8584a22876be7cb8844f1b6c8fc35e9af514576b78f5c6884d7ed02d",
    "https://deno.land/std@0.184.0/fs/expand_glob.ts": "e4f56259a0a70fe23f05215b00de3ac5e6ba46646ab2a06ebbe9b010f81c972a",
    "https://deno.land/std@0.184.0/fs/mod.ts": "bc3d0acd488cc7b42627044caf47d72019846d459279544e1934418955ba4898",
    "https://deno.land/std@0.184.0/fs/move.ts": "b4f8f46730b40c32ea3c0bc8eb0fd0e8139249a698883c7b3756424cf19785c9",
    "https://deno.land/std@0.184.0/fs/walk.ts": "920be35a7376db6c0b5b1caf1486fb962925e38c9825f90367f8f26b5e5d0897",
    "https://deno.land/std@0.184.0/path/_constants.ts": "e49961f6f4f48039c0dfed3c3f93e963ca3d92791c9d478ac5b43183413136e0",
    "https://deno.land/std@0.184.0/path/_interface.ts": "6471159dfbbc357e03882c2266d21ef9afdb1e4aa771b0545e90db58a0ba314b",
    "https://deno.land/std@0.184.0/path/_util.ts": "d7abb1e0dea065f427b89156e28cdeb32b045870acdf865833ba808a73b576d0",
    "https://deno.land/std@0.184.0/path/common.ts": "ee7505ab01fd22de3963b64e46cff31f40de34f9f8de1fff6a1bd2fe79380000",
    "https://deno.land/std@0.184.0/path/glob.ts": "d479e0a695621c94d3fd7fe7abd4f9499caf32a8de13f25073451c6ef420a4e1",
    "https://deno.land/std@0.184.0/path/mod.ts": "bf718f19a4fdd545aee1b06409ca0805bd1b68ecf876605ce632e932fe54510c",
    "https://deno.land/std@0.184.0/path/posix.ts": "8b7c67ac338714b30c816079303d0285dd24af6b284f7ad63da5b27372a2c94d",
    "https://deno.land/std@0.184.0/path/separator.ts": "0fb679739d0d1d7bf45b68dacfb4ec7563597a902edbaf3c59b50d5bcadd93b1",
    "https://deno.land/std@0.184.0/path/win32.ts": "d186344e5583bcbf8b18af416d13d82b35a317116e6460a5a3953508c3de5bba",
    "https://deno.land/std@0.184.0/testing/_diff.ts": "1a3c044aedf77647d6cac86b798c6417603361b66b54c53331b312caeb447aea",
    "https://deno.land/std@0.184.0/testing/_format.ts": "a69126e8a469009adf4cf2a50af889aca364c349797e63174884a52ff75cf4c7",
    "https://deno.land/std@0.184.0/testing/asserts.ts": "e16d98b4d73ffc4ed498d717307a12500ae4f2cbe668f1a215632d19fcffc22f",
    "https://deno.land/std@0.184.0/testing/mock.ts": "220ed9b8151cb2cac141043d4cfea7c47673fab5d18d1c1f0943297c8afb5d13",
    "https://deno.land/std@0.184.0/testing/snapshot.ts": "df277f1fc45da1b1274f1be339efb23cd5635fe98b8899be8de11b38a9be25cf",
    "https://deno.land/x/emoji@0.2.1/all.json": "9beb741e050f6eaeab2e4529517a68fd55f4cde98d9a5008c5ef5537e4d2ddb5",
    "https://deno.land/x/emoji@0.2.1/emoji.ts": "59baa579fead2ea631cde96aefa03689ee2f1241ab76398965eddc5c66096047",
    "https://deno.land/x/emoji@0.2.1/mod.ts": "733bed20d9489f91fd16823bc0bff4943d995d7f1fdae6fea458b3e0927bde96",
    "https://deno.land/x/emoji@0.2.1/types.ts": "5897345f500088c719a35388c5b192bc5d93fc2c13e37d94eafa8ff3480edd17",
    "https://deno.land/x/emoji@0.2.1/unicode.ts": "ac8079e8e1da66ae9e601c1fdd0e7641120c2b07ca7bd2875e65fe23e16e6199",
    "https://deno.land/x/gfm@0.2.1/deps.ts": "41f6f25cc563925271e242ad71bfa9909b8c22a41d678bff639ee5499659f30b",
    "https://deno.land/x/gfm@0.2.1/mod.ts": "7e476e318a985396c9b55efe55f4c881f63b163596d3f3716f7fc8be1a6e66a8",
    "https://deno.land/x/gfm@0.2.1/style.js": "86de9308f5d108ee0976e296260eb634c7477a11a9bebf44e6f863a5b8fb6d6d",
    "https://esm.sh/he@1.2.0": "ede162e83d3cf372d82a0fa2913b80d39f3d3642fb8a86e82dc26ec915d1074f",
    "https://esm.sh/katex@0.16.4/dist/katex.mjs": "b7d2e5e3629d7699f0b29ba1c27caf92464fdd4b4d62001dfe5dabf8952fe8eb",
    "https://esm.sh/marked@4.2.12": "e2a61326decd8b0b34cbf76cbec18d5f58bf9f93d2b481df2ad36329e9437e23",
    "https://esm.sh/prismjs@1.29.0": "67cba5720bddf83e88d1e2174212645c721a24ce0e6d43411057dc0634f98a2a",
    "https://esm.sh/sanitize-html@2.8.1?target=esnext": "1f3c61726e4e81f4beb8e56751f65a6b8f00e171c8c35038f878084f6ebd9481",
    "https://esm.sh/v116/@types/he@1.2.0/index.d.ts": "baaae0918f67a340020b36c4499d5e4abfc153e0f93e3263054ebc1c1a1fe3bc",
    "https://esm.sh/v116/@types/katex@0.16.0/index.d.ts": "d17f13839bd1f6bdfae4e09df4aac3ec6e99753b638af1e6e67a46c313d76f49",
    "https://esm.sh/v116/@types/marked@4.0.8/index.d.ts": "0b2fcecb260110d36514d4a845e10d98d19ae62f19ff18a5fc0181c31e1be8ef",
    "https://esm.sh/v116/@types/prismjs@1.26.0/index.d.ts": "6484309596f594ae824513336bd2a2e04a1902b06bb149fa904f5cae5fbe5c50",
    "https://esm.sh/v116/@types/sanitize-html@2.8.1/index.d.ts": "afd38d32b9481a4d1149426ae082cc3c52b7abb3c300cbe6377ea587438f9de2",
    "https://esm.sh/v116/deepmerge@4.3.1/esnext/deepmerge.mjs": "426fb4ada3c99ddd720d7c28ce216d8fcb47543e3d64ead96d97b1103cc16487",
    "https://esm.sh/v116/dom-serializer@2.0.0/esnext/dom-serializer.mjs": "b25f50783cd272ab9cc0bcf46cf4829d71f6cdcdd3148b6bd643b4eab1fe9f5f",
    "https://esm.sh/v116/dom-serializer@2.0.0/lib/index.d.ts": "e56ddb6a90ed19d5d23767181db1d61bf7784e62d7c21fb69870eabd312b2dc3",
    "https://esm.sh/v116/domelementtype@2.3.0/esnext/domelementtype.mjs": "1e4dd3222620668a50040012a6b0d1582e89e7a570826a079a11226a7929e20c",
    "https://esm.sh/v116/domelementtype@2.3.0/lib/index.d.ts": "e307d69c2e131e39db6038b4bd51916c6cd787e01d730ad0c28c60491d0accf2",
    "https://esm.sh/v116/domhandler@5.0.3/esnext/domhandler.mjs": "897e227c42fb3381dde081ccd0d70c50af65d2ef83dfe85af873e628dbea0636",
    "https://esm.sh/v116/domhandler@5.0.3/lib/index.d.ts": "587a74d5be3d1ff7904170380e0a40e69ca29c3186e88c9f360462a920051348",
    "https://esm.sh/v116/domhandler@5.0.3/lib/node.d.ts": "d8e04a00cf49f03b261b5b8f5bb44029db82331ba71a31d5c978ac2a1205c320",
    "https://esm.sh/v116/domutils@3.0.1/esnext/domutils.mjs": "15ac38276fe56f7acdc94306ffd1b39a9e0e8d2d54d981cf4fc96044e1ea7e2a",
    "https://esm.sh/v116/domutils@3.0.1/lib/feeds.d.ts": "7a24bd3a2d9743e4e82f18394b0fabc127afb6f8068ce36377e9e3da069af3b3",
    "https://esm.sh/v116/domutils@3.0.1/lib/helpers.d.ts": "a46f6bf809966ccfaa02eb2ae4cd49755fb6379597c7411898bf7f46278165f9",
    "https://esm.sh/v116/domutils@3.0.1/lib/index.d.ts": "41d776ad27442f714440bc6214cda54f5f836a36cb53a571cf4b343836a4af71",
    "https://esm.sh/v116/domutils@3.0.1/lib/legacy.d.ts": "037a51cb93e1a5261ac72ba23ece3101788d19f8813fdb48432f37ccd5dd5d92",
    "https://esm.sh/v116/domutils@3.0.1/lib/manipulation.d.ts": "176dcd0b8901f8c89ea87d2deb24904910c5e6547ad632aa61ac1e091688320b",
    "https://esm.sh/v116/domutils@3.0.1/lib/querying.d.ts": "e41365d00c0c6160d6f611fd4a583cd4959d08379a5026059e483231d252e819",
    "https://esm.sh/v116/domutils@3.0.1/lib/stringify.d.ts": "4789c2e5418234b67f52c1ba6914758e33951ed6da30617848c6b455b5b6882b",
    "https://esm.sh/v116/domutils@3.0.1/lib/traversal.d.ts": "e357f613a8a583ee9773a324f08a0a82e0d5290057a9cd7253aed15c6dfcd1c4",
    "https://esm.sh/v116/entities@4.4.0/esnext/entities.mjs": "bbdc41da6e08feaa7a168c47c28752a81c5984f12c4556bc599f8a4ba3cce1c3",
    "https://esm.sh/v116/entities@4.4.0/esnext/lib/decode.js": "3a85c5c2ec8cac39ce7c37c3867c1df4aef7a9617ddb6619e0ca48876a275ba2",
    "https://esm.sh/v116/escape-string-regexp@4.0.0/esnext/escape-string-regexp.mjs": "7f00803b40f74aee2522808c0cf76057a715636dd84f4f679731b0e935cd3a56",
    "https://esm.sh/v116/he@1.2.0/deno/he.mjs": "572efc9730e217ade18d6528968a86ad2c4c95ac17abfd1db0833d327a952700",
    "https://esm.sh/v116/htmlparser2@8.0.2/esnext/htmlparser2.mjs": "58ddbb8a0e839f10723d7fae12b2bd7def5993f37f6c5b4859b5893278f8388a",
    "https://esm.sh/v116/htmlparser2@8.0.2/lib/Parser.d.ts": "ff328f0ef96fee84f88ee254e18a235bdfe4a2dfac0f4d2dc754744bd69bca54",
    "https://esm.sh/v116/htmlparser2@8.0.2/lib/Tokenizer.d.ts": "41787f4904cb436cf92cba22f574829aeb7a527138e1dd228a2084e796c11bb8",
    "https://esm.sh/v116/htmlparser2@8.0.2/lib/index.d.ts": "023723f7f479e8dee9a5d555383b1dc0a195cbd39d48630c5a442aa30c7d9488",
    "https://esm.sh/v116/is-plain-object@5.0.0/esnext/is-plain-object.mjs": "d990fb0c3e251072728088888873225a35995aedff2e3b443b5e3c33efe1be3b",
    "https://esm.sh/v116/katex@0.16.4/deno/dist/katex.js": "27e0eedb0777ef84992de0a287c4e5d1d42c95c7973054109c42405ce78b5919",
    "https://esm.sh/v116/marked@4.2.12/deno/marked.mjs": "e4ebef7be2ae56be2c2da45913a4426006bda8715f6ae0f85f05a72ee030b792",
    "https://esm.sh/v116/nanoid@3.3.6/esnext/non-secure.js": "aef4144cd7d02917d59594dbbed43bf7f42bd3280ba5500ec7a0bba8d2e1c9f7",
    "https://esm.sh/v116/node_buffer.js": "445d389cb8c9f9fad5ff869ca2c2a863d178d410795ebd5f2f39d9a029156d56",
    "https://esm.sh/v116/node_events.js": "507b1d9405b8384264d683e0508416c4be85498e65d32d0fcf64d6d353a30151",
    "https://esm.sh/v116/node_process.js": "138682d1c2af338932526443b7513103b898a9460d3e461ee315d3a68060342a",
    "https://esm.sh/v116/parse-srcset@1.0.2/esnext/parse-srcset.mjs": "99266fb819ffab3c5419aab0beeafbfb6e8572dac0bb33ad9a47da77af0a8224",
    "https://esm.sh/v116/picocolors@1.0.0/esnext/picocolors.mjs": "df13f83b999dcfb6c81373ff205b7ce912b8518d833754ca3b312f764d4500fb",
    "https://esm.sh/v116/postcss@8.4.21/esnext/postcss.mjs": "a949e9b453409288621be4ea37f21bd9cda20b78f1452689ecf717a7aa176b22",
    "https://esm.sh/v116/prismjs@1.29.0/deno/prismjs.mjs": "83f2d67f19ae74ff9c9c29f5533f7ab8e5d9191000661024610ba73c4d07b87b",
    "https://esm.sh/v116/sanitize-html@2.8.1/esnext/sanitize-html.mjs": "14242861317c7be06e3a85bc25fb0645ab4e853425f168701562392d3de95b49"
  }
}
